// !$*UTF8*$!
{
	archiveVersion = 1;
	classes = {
	};
	objectVersion = 51;
	objects = {

/* Begin PBXBuildFile section */
		A11DA038F1F07FCBADD3BEB0 /* Pods_iOSGreet.framework in Frameworks */ = {isa = PBXBuildFile; fileRef = F91E844E4C1ECD60030773E8 /* Pods_iOSGreet.framework */; };
		A714FC412767F25200BA6F4A /* AppDelegate.swift in Sources */ = {isa = PBXBuildFile; fileRef = A714FC402767F25200BA6F4A /* AppDelegate.swift */; };
		A714FC432767F25200BA6F4A /* SceneDelegate.swift in Sources */ = {isa = PBXBuildFile; fileRef = A714FC422767F25200BA6F4A /* SceneDelegate.swift */; };
		A714FC452767F25200BA6F4A /* ViewController.swift in Sources */ = {isa = PBXBuildFile; fileRef = A714FC442767F25200BA6F4A /* ViewController.swift */; };
		A714FC482767F25200BA6F4A /* Main.storyboard in Resources */ = {isa = PBXBuildFile; fileRef = A714FC462767F25200BA6F4A /* Main.storyboard */; };
		A714FC4A2767F25400BA6F4A /* Assets.xcassets in Resources */ = {isa = PBXBuildFile; fileRef = A714FC492767F25400BA6F4A /* Assets.xcassets */; };
		A714FC4D2767F25400BA6F4A /* LaunchScreen.storyboard in Resources */ = {isa = PBXBuildFile; fileRef = A714FC4B2767F25400BA6F4A /* LaunchScreen.storyboard */; };
		A714FC58276804DF00BA6F4A /* greet.grpc.swift in Sources */ = {isa = PBXBuildFile; fileRef = A714FC55276804DF00BA6F4A /* greet.grpc.swift */; };
		A714FC59276804DF00BA6F4A /* greet.pb.swift in Sources */ = {isa = PBXBuildFile; fileRef = A714FC56276804DF00BA6F4A /* greet.pb.swift */; };
		A714FC5A276804DF00BA6F4A /* greet.proto in Sources */ = {isa = PBXBuildFile; fileRef = A714FC57276804DF00BA6F4A /* greet.proto */; };
/* End PBXBuildFile section */

/* Begin PBXFileReference section */
		A714FC3D2767F25200BA6F4A /* iOSGreet.app */ = {isa = PBXFileReference; explicitFileType = wrapper.application; includeInIndex = 0; path = iOSGreet.app; sourceTree = BUILT_PRODUCTS_DIR; };
		A714FC402767F25200BA6F4A /* AppDelegate.swift */ = {isa = PBXFileReference; lastKnownFileType = sourcecode.swift; path = AppDelegate.swift; sourceTree = "<group>"; };
		A714FC422767F25200BA6F4A /* SceneDelegate.swift */ = {isa = PBXFileReference; lastKnownFileType = sourcecode.swift; path = SceneDelegate.swift; sourceTree = "<group>"; };
		A714FC442767F25200BA6F4A /* ViewController.swift */ = {isa = PBXFileReference; lastKnownFileType = sourcecode.swift; path = ViewController.swift; sourceTree = "<group>"; };
		A714FC472767F25200BA6F4A /* Base */ = {isa = PBXFileReference; lastKnownFileType = file.storyboard; name = Base; path = Base.lproj/Main.storyboard; sourceTree = "<group>"; };
		A714FC492767F25400BA6F4A /* Assets.xcassets */ = {isa = PBXFileReference; lastKnownFileType = folder.assetcatalog; path = Assets.xcassets; sourceTree = "<group>"; };
		A714FC4C2767F25400BA6F4A /* Base */ = {isa = PBXFileReference; lastKnownFileType = file.storyboard; name = Base; path = Base.lproj/LaunchScreen.storyboard; sourceTree = "<group>"; };
		A714FC4E2767F25400BA6F4A /* Info.plist */ = {isa = PBXFileReference; lastKnownFileType = text.plist.xml; path = Info.plist; sourceTree = "<group>"; };
		A714FC55276804DF00BA6F4A /* greet.grpc.swift */ = {isa = PBXFileReference; fileEncoding = 4; lastKnownFileType = sourcecode.swift; path = greet.grpc.swift; sourceTree = "<group>"; };
		A714FC56276804DF00BA6F4A /* greet.pb.swift */ = {isa = PBXFileReference; fileEncoding = 4; lastKnownFileType = sourcecode.swift; path = greet.pb.swift; sourceTree = "<group>"; };
		A714FC57276804DF00BA6F4A /* greet.proto */ = {isa = PBXFileReference; fileEncoding = 4; lastKnownFileType = sourcecode.protobuf; path = greet.proto; sourceTree = "<group>"; };
		D893903B9203F1A9A1A24076 /* Pods-iOSGreet.debug.xcconfig */ = {isa = PBXFileReference; includeInIndex = 1; lastKnownFileType = text.xcconfig; name = "Pods-iOSGreet.debug.xcconfig"; path = "Target Support Files/Pods-iOSGreet/Pods-iOSGreet.debug.xcconfig"; sourceTree = "<group>"; };
		E2874CD625E3D27A803216C8 /* Pods-iOSGreet.release.xcconfig */ = {isa = PBXFileReference; includeInIndex = 1; lastKnownFileType = text.xcconfig; name = "Pods-iOSGreet.release.xcconfig"; path = "Target Support Files/Pods-iOSGreet/Pods-iOSGreet.release.xcconfig"; sourceTree = "<group>"; };
		F91E844E4C1ECD60030773E8 /* Pods_iOSGreet.framework */ = {isa = PBXFileReference; explicitFileType = wrapper.framework; includeInIndex = 0; path = Pods_iOSGreet.framework; sourceTree = BUILT_PRODUCTS_DIR; };
/* End PBXFileReference section */

/* Begin PBXFrameworksBuildPhase section */
		A714FC3A2767F25200BA6F4A /* Frameworks */ = {
			isa = PBXFrameworksBuildPhase;
			buildActionMask = 2147483647;
			files = (
				A11DA038F1F07FCBADD3BEB0 /* Pods_iOSGreet.framework in Frameworks */,
			);
			runOnlyForDeploymentPostprocessing = 0;
		};
/* End PBXFrameworksBuildPhase section */

/* Begin PBXGroup section */
		377FA7BE45FC3916E15EC0A8 /* Pods */ = {
			isa = PBXGroup;
			children = (
				D893903B9203F1A9A1A24076 /* Pods-iOSGreet.debug.xcconfig */,
				E2874CD625E3D27A803216C8 /* Pods-iOSGreet.release.xcconfig */,
			);
			path = Pods;
			sourceTree = "<group>";
		};
		A714FC342767F25200BA6F4A = {
			isa = PBXGroup;
			children = (
				A714FC3F2767F25200BA6F4A /* iOSGreet */,
				A714FC3E2767F25200BA6F4A /* Products */,
				377FA7BE45FC3916E15EC0A8 /* Pods */,
				D1B81468841231DF2188C708 /* Frameworks */,
			);
			sourceTree = "<group>";
		};
		A714FC3E2767F25200BA6F4A /* Products */ = {
			isa = PBXGroup;
			children = (
				A714FC3D2767F25200BA6F4A /* iOSGreet.app */,
			);
			name = Products;
			sourceTree = "<group>";
		};
		A714FC3F2767F25200BA6F4A /* iOSGreet */ = {
			isa = PBXGroup;
			children = (
				A714FC542767F5F700BA6F4A /* Model */,
				A714FC402767F25200BA6F4A /* AppDelegate.swift */,
				A714FC422767F25200BA6F4A /* SceneDelegate.swift */,
				A714FC442767F25200BA6F4A /* ViewController.swift */,
				A714FC462767F25200BA6F4A /* Main.storyboard */,
				A714FC492767F25400BA6F4A /* Assets.xcassets */,
				A714FC4B2767F25400BA6F4A /* LaunchScreen.storyboard */,
				A714FC4E2767F25400BA6F4A /* Info.plist */,
			);
			path = iOSGreet;
			sourceTree = "<group>";
		};
		A714FC542767F5F700BA6F4A /* Model */ = {
			isa = PBXGroup;
			children = (
				A714FC55276804DF00BA6F4A /* greet.grpc.swift */,
				A714FC56276804DF00BA6F4A /* greet.pb.swift */,
				A714FC57276804DF00BA6F4A /* greet.proto */,
			);
			path = Model;
			sourceTree = "<group>";
		};
		D1B81468841231DF2188C708 /* Frameworks */ = {
			isa = PBXGroup;
			children = (
				F91E844E4C1ECD60030773E8 /* Pods_iOSGreet.framework */,
			);
			name = Frameworks;
			sourceTree = "<group>";
		};
/* End PBXGroup section */

/* Begin PBXNativeTarget section */
		A714FC3C2767F25200BA6F4A /* iOSGreet */ = {
			isa = PBXNativeTarget;
			buildConfigurationList = A714FC512767F25400BA6F4A /* Build configuration list for PBXNativeTarget "iOSGreet" */;
			buildPhases = (
				0C528162DF050CDD36ADE8D0 /* [CP] Check Pods Manifest.lock */,
				A714FC392767F25200BA6F4A /* Sources */,
				A714FC3A2767F25200BA6F4A /* Frameworks */,
				A714FC3B2767F25200BA6F4A /* Resources */,
				E930119F83C7B596BE4434FA /* [CP] Embed Pods Frameworks */,
			);
			buildRules = (
			);
			dependencies = (
			);
			name = iOSGreet;
			productName = iOSGreet;
			productReference = A714FC3D2767F25200BA6F4A /* iOSGreet.app */;
			productType = "com.apple.product-type.application";
		};
/* End PBXNativeTarget section */

/* Begin PBXProject section */
		A714FC352767F25200BA6F4A /* Project object */ = {
			isa = PBXProject;
			attributes = {
				LastSwiftUpdateCheck = 1250;
				LastUpgradeCheck = 1250;
				TargetAttributes = {
					A714FC3C2767F25200BA6F4A = {
						CreatedOnToolsVersion = 12.5.1;
					};
				};
			};
			buildConfigurationList = A714FC382767F25200BA6F4A /* Build configuration list for PBXProject "iOSGreet" */;
			compatibilityVersion = "Xcode 9.3";
			developmentRegion = en;
			hasScannedForEncodings = 0;
			knownRegions = (
				en,
				Base,
			);
			mainGroup = A714FC342767F25200BA6F4A;
			productRefGroup = A714FC3E2767F25200BA6F4A /* Products */;
			projectDirPath = "";
			projectRoot = "";
			targets = (
				A714FC3C2767F25200BA6F4A /* iOSGreet */,
			);
		};
/* End PBXProject section */

/* Begin PBXResourcesBuildPhase section */
		A714FC3B2767F25200BA6F4A /* Resources */ = {
			isa = PBXResourcesBuildPhase;
			buildActionMask = 2147483647;
			files = (
				A714FC4D2767F25400BA6F4A /* LaunchScreen.storyboard in Resources */,
				A714FC4A2767F25400BA6F4A /* Assets.xcassets in Resources */,
				A714FC482767F25200BA6F4A /* Main.storyboard in Resources */,
			);
			runOnlyForDeploymentPostprocessing = 0;
		};
/* End PBXResourcesBuildPhase section */

/* Begin PBXShellScriptBuildPhase section */
		0C528162DF050CDD36ADE8D0 /* [CP] Check Pods Manifest.lock */ = {
			isa = PBXShellScriptBuildPhase;
			buildActionMask = 2147483647;
			files = (
			);
			inputFileListPaths = (
			);
			inputPaths = (
				"${PODS_PODFILE_DIR_PATH}/Podfile.lock",
				"${PODS_ROOT}/Manifest.lock",
			);
			name = "[CP] Check Pods Manifest.lock";
			outputFileListPaths = (
			);
			outputPaths = (
				"$(DERIVED_FILE_DIR)/Pods-iOSGreet-checkManifestLockResult.txt",
			);
			runOnlyForDeploymentPostprocessing = 0;
			shellPath = /bin/sh;
			shellScript = "diff \"${PODS_PODFILE_DIR_PATH}/Podfile.lock\" \"${PODS_ROOT}/Manifest.lock\" > /dev/null\nif [ $? != 0 ] ; then\n    # print error to STDERR\n    echo \"error: The sandbox is not in sync with the Podfile.lock. Run 'pod install' or update your CocoaPods installation.\" >&2\n    exit 1\nfi\n# This output is used by Xcode 'outputs' to avoid re-running this script phase.\necho \"SUCCESS\" > \"${SCRIPT_OUTPUT_FILE_0}\"\n";
			showEnvVarsInLog = 0;
		};
		E930119F83C7B596BE4434FA /* [CP] Embed Pods Frameworks */ = {
			isa = PBXShellScriptBuildPhase;
			buildActionMask = 2147483647;
			files = (
			);
			inputFileListPaths = (
				"${PODS_ROOT}/Target Support Files/Pods-iOSGreet/Pods-iOSGreet-frameworks-${CONFIGURATION}-input-files.xcfilelist",
			);
			name = "[CP] Embed Pods Frameworks";
			outputFileListPaths = (
				"${PODS_ROOT}/Target Support Files/Pods-iOSGreet/Pods-iOSGreet-frameworks-${CONFIGURATION}-output-files.xcfilelist",
			);
			runOnlyForDeploymentPostprocessing = 0;
			shellPath = /bin/sh;
			shellScript = "\"${PODS_ROOT}/Target Support Files/Pods-iOSGreet/Pods-iOSGreet-frameworks.sh\"\n";
			showEnvVarsInLog = 0;
		};
/* End PBXShellScriptBuildPhase section */

/* Begin PBXSourcesBuildPhase section */
		A714FC392767F25200BA6F4A /* Sources */ = {
			isa = PBXSourcesBuildPhase;
			buildActionMask = 2147483647;
			files = (
				A714FC5A276804DF00BA6F4A /* greet.proto in Sources */,
				A714FC58276804DF00BA6F4A /* greet.grpc.swift in Sources */,
				A714FC452767F25200BA6F4A /* ViewController.swift in Sources */,
				A714FC412767F25200BA6F4A /* AppDelegate.swift in Sources */,
				A714FC59276804DF00BA6F4A /* greet.pb.swift in Sources */,
				A714FC432767F25200BA6F4A /* SceneDelegate.swift in Sources */,
			);
			runOnlyForDeploymentPostprocessing = 0;
		};
/* End PBXSourcesBuildPhase section */

/* Begin PBXVariantGroup section */
		A714FC462767F25200BA6F4A /* Main.storyboard */ = {
			isa = PBXVariantGroup;
			children = (
				A714FC472767F25200BA6F4A /* Base */,
			);
			name = Main.storyboard;
			sourceTree = "<group>";
		};
		A714FC4B2767F25400BA6F4A /* LaunchScreen.storyboard */ = {
			isa = PBXVariantGroup;
			children = (
				A714FC4C2767F25400BA6F4A /* Base */,
			);
			name = LaunchScreen.storyboard;
			sourceTree = "<group>";
		};
/* End PBXVariantGroup section */

/* Begin XCBuildConfiguration section */
		A714FC4F2767F25400BA6F4A /* Debug */ = {
			isa = XCBuildConfiguration;
			buildSettings = {
				ALWAYS_SEARCH_USER_PATHS = NO;
				CLANG_ANALYZER_NONNULL = YES;
				CLANG_ANALYZER_NUMBER_OBJECT_CONVERSION = YES_AGGRESSIVE;
				CLANG_CXX_LANGUAGE_STANDARD = "gnu++14";
				CLANG_CXX_LIBRARY = "libc++";
				CLANG_ENABLE_MODULES = YES;
				CLANG_ENABLE_OBJC_ARC = YES;
				CLANG_ENABLE_OBJC_WEAK = YES;
				CLANG_WARN_BLOCK_CAPTURE_AUTORELEASING = YES;
				CLANG_WARN_BOOL_CONVERSION = YES;
				CLANG_WARN_COMMA = YES;
				CLANG_WARN_CONSTANT_CONVERSION = YES;
				CLANG_WARN_DEPRECATED_OBJC_IMPLEMENTATIONS = YES;
				CLANG_WARN_DIRECT_OBJC_ISA_USAGE = YES_ERROR;
				CLANG_WARN_DOCUMENTATION_COMMENTS = YES;
				CLANG_WARN_EMPTY_BODY = YES;
				CLANG_WARN_ENUM_CONVERSION = YES;
				CLANG_WARN_INFINITE_RECURSION = YES;
				CLANG_WARN_INT_CONVERSION = YES;
				CLANG_WARN_NON_LITERAL_NULL_CONVERSION = YES;
				CLANG_WARN_OBJC_IMPLICIT_RETAIN_SELF = YES;
				CLANG_WARN_OBJC_LITERAL_CONVERSION = YES;
				CLANG_WARN_OBJC_ROOT_CLASS = YES_ERROR;
				CLANG_WARN_QUOTED_INCLUDE_IN_FRAMEWORK_HEADER = YES;
				CLANG_WARN_RANGE_LOOP_ANALYSIS = YES;
				CLANG_WARN_STRICT_PROTOTYPES = YES;
				CLANG_WARN_SUSPICIOUS_MOVE = YES;
				CLANG_WARN_UNGUARDED_AVAILABILITY = YES_AGGRESSIVE;
				CLANG_WARN_UNREACHABLE_CODE = YES;
				CLANG_WARN__DUPLICATE_METHOD_MATCH = YES;
				COPY_PHASE_STRIP = NO;
				DEBUG_INFORMATION_FORMAT = dwarf;
				ENABLE_STRICT_OBJC_MSGSEND = YES;
				ENABLE_TESTABILITY = YES;
				GCC_C_LANGUAGE_STANDARD = gnu11;
				GCC_DYNAMIC_NO_PIC = NO;
				GCC_NO_COMMON_BLOCKS = YES;
				GCC_OPTIMIZATION_LEVEL = 0;
				GCC_PREPROCESSOR_DEFINITIONS = (
					"DEBUG=1",
					"$(inherited)",
				);
				GCC_WARN_64_TO_32_BIT_CONVERSION = YES;
				GCC_WARN_ABOUT_RETURN_TYPE = YES_ERROR;
				GCC_WARN_UNDECLARED_SELECTOR = YES;
				GCC_WARN_UNINITIALIZED_AUTOS = YES_AGGRESSIVE;
				GCC_WARN_UNUSED_FUNCTION = YES;
				GCC_WARN_UNUSED_VARIABLE = YES;
				IPHONEOS_DEPLOYMENT_TARGET = 14.3;
				MTL_ENABLE_DEBUG_INFO = INCLUDE_SOURCE;
				MTL_FAST_MATH = YES;
				ONLY_ACTIVE_ARCH = YES;
				SDKROOT = iphoneos;
				SWIFT_ACTIVE_COMPILATION_CONDITIONS = DEBUG;
				SWIFT_OPTIMIZATION_LEVEL = "-Onone";
			};
			name = Debug;
		};
		A714FC502767F25400BA6F4A /* Release */ = {
			isa = XCBuildConfiguration;
			buildSettings = {
				ALWAYS_SEARCH_USER_PATHS = NO;
				CLANG_ANALYZER_NONNULL = YES;
				CLANG_ANALYZER_NUMBER_OBJECT_CONVERSION = YES_AGGRESSIVE;
				CLANG_CXX_LANGUAGE_STANDARD = "gnu++14";
				CLANG_CXX_LIBRARY = "libc++";
				CLANG_ENABLE_MODULES = YES;
				CLANG_ENABLE_OBJC_ARC = YES;
				CLANG_ENABLE_OBJC_WEAK = YES;
				CLANG_WARN_BLOCK_CAPTURE_AUTORELEASING = YES;
				CLANG_WARN_BOOL_CONVERSION = YES;
				CLANG_WARN_COMMA = YES;
				CLANG_WARN_CONSTANT_CONVERSION = YES;
				CLANG_WARN_DEPRECATED_OBJC_IMPLEMENTATIONS = YES;
				CLANG_WARN_DIRECT_OBJC_ISA_USAGE = YES_ERROR;
				CLANG_WARN_DOCUMENTATION_COMMENTS = YES;
				CLANG_WARN_EMPTY_BODY = YES;
				CLANG_WARN_ENUM_CONVERSION = YES;
				CLANG_WARN_INFINITE_RECURSION = YES;
				CLANG_WARN_INT_CONVERSION = YES;
				CLANG_WARN_NON_LITERAL_NULL_CONVERSION = YES;
				CLANG_WARN_OBJC_IMPLICIT_RETAIN_SELF = YES;
				CLANG_WARN_OBJC_LITERAL_CONVERSION = YES;
				CLANG_WARN_OBJC_ROOT_CLASS = YES_ERROR;
				CLANG_WARN_QUOTED_INCLUDE_IN_FRAMEWORK_HEADER = YES;
				CLANG_WARN_RANGE_LOOP_ANALYSIS = YES;
				CLANG_WARN_STRICT_PROTOTYPES = YES;
				CLANG_WARN_SUSPICIOUS_MOVE = YES;
				CLANG_WARN_UNGUARDED_AVAILABILITY = YES_AGGRESSIVE;
				CLANG_WARN_UNREACHABLE_CODE = YES;
				CLANG_WARN__DUPLICATE_METHOD_MATCH = YES;
				COPY_PHASE_STRIP = NO;
				DEBUG_INFORMATION_FORMAT = "dwarf-with-dsym";
				ENABLE_NS_ASSERTIONS = NO;
				ENABLE_STRICT_OBJC_MSGSEND = YES;
				GCC_C_LANGUAGE_STANDARD = gnu11;
				GCC_NO_COMMON_BLOCKS = YES;
				GCC_WARN_64_TO_32_BIT_CONVERSION = YES;
				GCC_WARN_ABOUT_RETURN_TYPE = YES_ERROR;
				GCC_WARN_UNDECLARED_SELECTOR = YES;
				GCC_WARN_UNINITIALIZED_AUTOS = YES_AGGRESSIVE;
				GCC_WARN_UNUSED_FUNCTION = YES;
				GCC_WARN_UNUSED_VARIABLE = YES;
				IPHONEOS_DEPLOYMENT_TARGET = 14.3;
				MTL_ENABLE_DEBUG_INFO = NO;
				MTL_FAST_MATH = YES;
				SDKROOT = iphoneos;
				SWIFT_COMPILATION_MODE = wholemodule;
				SWIFT_OPTIMIZATION_LEVEL = "-O";
				VALIDATE_PRODUCT = YES;
			};
			name = Release;
		};
		A714FC522767F25400BA6F4A /* Debug */ = {
			isa = XCBuildConfiguration;
			baseConfigurationReference = D893903B9203F1A9A1A24076 /* Pods-iOSGreet.debug.xcconfig */;
			buildSettings = {
				ASSETCATALOG_COMPILER_APPICON_NAME = AppIcon;
				ASSETCATALOG_COMPILER_GLOBAL_ACCENT_COLOR_NAME = AccentColor;
				CODE_SIGN_STYLE = Automatic;
				DEVELOPMENT_TEAM = RVZ8HU5KSL;
				INFOPLIST_FILE = iOSGreet/Info.plist;
				LD_RUNPATH_SEARCH_PATHS = (
					"$(inherited)",
					"@executable_path/Frameworks",
				);
				PRODUCT_BUNDLE_IDENTIFIER = com.greetpb.iOSGreet;
				PRODUCT_NAME = "$(TARGET_NAME)";
				SWIFT_VERSION = 5.0;
				TARGETED_DEVICE_FAMILY = "1,2";
			};
			name = Debug;
		};
		A714FC532767F25400BA6F4A /* Release */ = {
			isa = XCBuildConfiguration;
			baseConfigurationReference = E2874CD625E3D27A803216C8 /* Pods-iOSGreet.release.xcconfig */;
			buildSettings = {
				ASSETCATALOG_COMPILER_APPICON_NAME = AppIcon;
				ASSETCATALOG_COMPILER_GLOBAL_ACCENT_COLOR_NAME = AccentColor;
				CODE_SIGN_STYLE = Automatic;
				DEVELOPMENT_TEAM = RVZ8HU5KSL;
				INFOPLIST_FILE = iOSGreet/Info.plist;
				LD_RUNPATH_SEARCH_PATHS = (
					"$(inherited)",
					"@executable_path/Frameworks",
				);
				PRODUCT_BUNDLE_IDENTIFIER = com.greetpb.iOSGreet;
				PRODUCT_NAME = "$(TARGET_NAME)";
				SWIFT_VERSION = 5.0;
				TARGETED_DEVICE_FAMILY = "1,2";
			};
			name = Release;
		};
/* End XCBuildConfiguration section */

/* Begin XCConfigurationList section */
		A714FC382767F25200BA6F4A /* Build configuration list for PBXProject "iOSGreet" */ = {
			isa = XCConfigurationList;
			buildConfigurations = (
				A714FC4F2767F25400BA6F4A /* Debug */,
				A714FC502767F25400BA6F4A /* Release */,
			);
			defaultConfigurationIsVisible = 0;
			defaultConfigurationName = Release;
		};
		A714FC512767F25400BA6F4A /* Build configuration list for PBXNativeTarget "iOSGreet" */ = {
			isa = XCConfigurationList;
			buildConfigurations = (
				A714FC522767F25400BA6F4A /* Debug */,
				A714FC532767F25400BA6F4A /* Release */,
			);
			defaultConfigurationIsVisible = 0;
			defaultConfigurationName = Release;
		};
/* End XCConfigurationList section */
	};
	rootObject = A714FC352767F25200BA6F4A /* Project object */;
}
